<?xml version="1.0" encoding="utf-8"?>
<Project ToolsVersion="4.0" xmlns="http://schemas.microsoft.com/developer/msbuild/2003">
  <ItemGroup>
    <Filter Include="audio">
      <UniqueIdentifier>{49144cef-2929-426c-a21d-44415d31adc0}</UniqueIdentifier>
    </Filter>
    <Filter Include="video">
      <UniqueIdentifier>{3a7dea68-c732-4e62-a638-f49cac27b7c5}</UniqueIdentifier>
    </Filter>
    <Filter Include="NativeMedia">
      <UniqueIdentifier>{3029adb3-be69-40bf-91db-8c23bf465ae1}</UniqueIdentifier>
    </Filter>
  </ItemGroup>
  <ItemGroup>
    <ClInclude Include="audio\AudioManager.h">
      <Filter>audio</Filter>
    </ClInclude>
    <ClInclude Include="audio\AudioResampler.h">
      <Filter>audio</Filter>
    </ClInclude>
    <ClInclude Include="audio\MMNotificationClient.h">
      <Filter>audio</Filter>
    </ClInclude>
    <ClInclude Include="audio\ResampleInterpTabs.h">
      <Filter>audio</Filter>
    </ClInclude>
    <ClInclude Include="audio\SessionEvents.h">
      <Filter>audio</Filter>
    </ClInclude>
    <ClInclude Include="audio\WASAPICapture.h">
      <Filter>audio</Filter>
    </ClInclude>
    <ClInclude Include="audio\WASAPIComPtrDefs.h">
      <Filter>audio</Filter>
    </ClInclude>
    <ClInclude Include="audio\WASAPIRenderer.h">
      <Filter>audio</Filter>
    </ClInclude>
    <ClInclude Include="AutoLock.h">
      <Filter>video</Filter>
    </ClInclude>
    <ClInclude Include="BaseWnd.h">
      <Filter>video</Filter>
    </ClInclude>
    <ClInclude Include="D3D9Renderer.h">
      <Filter>video</Filter>
    </ClInclude>
    <ClInclude Include="ImageTool.h">
      <Filter>video</Filter>
    </ClInclude>
    <ClInclude Include="Looper.h">
      <Filter>video</Filter>
    </ClInclude>
    <ClInclude Include="MFVidCapture.h">
      <Filter>video</Filter>
    </ClInclude>
    <ClInclude Include="targetver.h">
      <Filter>video</Filter>
    </ClInclude>
    <ClInclude Include="VideoManager.h">
      <Filter>video</Filter>
    </ClInclude>
    <ClInclude Include="Stdafx.h">
      <Filter>video</Filter>
    </ClInclude>
    <ClInclude Include="ComPtrDefs.h">
      <Filter>video</Filter>
    </ClInclude>
    <ClInclude Include="NativeMedia.h">
      <Filter>NativeMedia</Filter>
    </ClInclude>
    <ClInclude Include="GlobalFun.h">
      <Filter>video</Filter>
    </ClInclude>
    <ClInclude Include="Win32Event.h">
      <Filter>video</Filter>
    </ClInclude>
    <ClInclude Include="BlockingQueue.h">
      <Filter>video</Filter>
    </ClInclude>
    <ClInclude Include="DeviceEvents.h">
      <Filter>video</Filter>
    </ClInclude>
    <ClInclude Include="NativeMediaCallbacks.h">
      <Filter>NativeMedia</Filter>
    </ClInclude>
    <ClInclude Include="NativeMediaLog.h">
      <Filter>NativeMedia</Filter>
    </ClInclude>
    <ClInclude Include="NativeMediaEnums.h">
      <Filter>NativeMedia</Filter>
    </ClInclude>
    <ClInclude Include="audio\WavHelper.h">
      <Filter>audio</Filter>
    </ClInclude>
    <ClInclude Include="audio\AudioClientDataCallbacks.h">
      <Filter>audio</Filter>
    </ClInclude>
    <ClInclude Include="audio\MicControl.h">
      <Filter>audio</Filter>
    </ClInclude>
    <ClInclude Include="VideoHWND.h">
      <Filter>NativeMedia</Filter>
    </ClInclude>
    <ClInclude Include="WinRTCSDKTypes.h">
      <Filter>video</Filter>
    </ClInclude>
    <ClInclude Include="D3DPsVideoProcessor.h">
      <Filter>video</Filter>
    </ClInclude>
    <ClInclude Include="CamControl.h">
      <Filter>video</Filter>
    </ClInclude>
  </ItemGroup>
  <ItemGroup>
    <ClCompile Include="audio\AudioManager.cpp">
      <Filter>audio</Filter>
    </ClCompile>
    <ClCompile Include="audio\AudioResampler.cpp">
      <Filter>audio</Filter>
    </ClCompile>
    <ClCompile Include="audio\MMNotificationClient.cpp">
      <Filter>audio</Filter>
    </ClCompile>
    <ClCompile Include="audio\SessionEvents.cpp">
      <Filter>audio</Filter>
    </ClCompile>
    <ClCompile Include="audio\UTAudio.cpp">
      <Filter>audio</Filter>
    </ClCompile>
    <ClCompile Include="audio\WASAPICapture.cpp">
      <Filter>audio</Filter>
    </ClCompile>
    <ClCompile Include="audio\WASAPIRenderer.cpp">
      <Filter>audio</Filter>
    </ClCompile>
    <ClCompile Include="BaseWnd.cpp">
      <Filter>video</Filter>
    </ClCompile>
    <ClCompile Include="D3D9Renderer.cpp">
      <Filter>video</Filter>
    </ClCompile>
    <ClCompile Include="ImageTool.cpp">
      <Filter>video</Filter>
    </ClCompile>
    <ClCompile Include="MFVidCapture.cpp">
      <Filter>video</Filter>
    </ClCompile>
    <ClCompile Include="VideoManager.cpp">
      <Filter>video</Filter>
    </ClCompile>
    <ClCompile Include="Stdafx.cpp">
      <Filter>video</Filter>
    </ClCompile>
    <ClCompile Include="NativeMedia.cpp">
      <Filter>NativeMedia</Filter>
    </ClCompile>
    <ClCompile Include="GlobalFun.cpp">
      <Filter>video</Filter>
    </ClCompile>
    <ClCompile Include="AssemblyInfo.cpp">
      <Filter>NativeMedia</Filter>
    </ClCompile>
    <ClCompile Include="audio\MicControl .cpp">
      <Filter>audio</Filter>
    </ClCompile>
    <ClCompile Include="VideoHWND.cpp">
      <Filter>NativeMedia</Filter>
    </ClCompile>
    <ClCompile Include="D3DPsVideoProcessor.cpp">
      <Filter>video</Filter>
    </ClCompile>
  </ItemGroup>
</Project>