<?xml version="1.0" encoding="utf-8"?>
<Project ToolsVersion="4.0" xmlns="http://schemas.microsoft.com/developer/msbuild/2003">
  <ItemGroup>
    <Filter Include="Source Files">
      <UniqueIdentifier>{4FC737F1-C7A5-4376-A066-2A32D752A2FF}</UniqueIdentifier>
      <Extensions>cpp;c;cc;cxx;def;odl;idl;hpj;bat;asm;asmx</Extensions>
    </Filter>
    <Filter Include="Resource Files">
      <UniqueIdentifier>{67DA6AB6-F800-4c08-8B7A-83BB121AAD01}</UniqueIdentifier>
      <Extensions>rc;ico;cur;bmp;dlg;rc2;rct;bin;rgs;gif;jpg;jpeg;jpe;resx;tiff;tif;png;wav;mfcribbon-ms</Extensions>
    </Filter>
    <Filter Include="codec">
      <UniqueIdentifier>{872d2763-1d95-48ab-a83b-d42047033d18}</UniqueIdentifier>
    </Filter>
    <Filter Include="video">
      <UniqueIdentifier>{f3923a54-f808-4a56-86cd-3056863f35fe}</UniqueIdentifier>
    </Filter>
    <Filter Include="audio">
      <UniqueIdentifier>{946056b1-a135-4456-8833-194b2e493123}</UniqueIdentifier>
    </Filter>
  </ItemGroup>
  <ItemGroup>
    <Text Include="ReadMe.txt" />
  </ItemGroup>
  <ItemGroup>
    <ClCompile Include="mediatest32.cpp">
      <Filter>Source Files</Filter>
    </ClCompile>
    <ClCompile Include="..\NativeMedia\BaseWnd.cpp">
      <Filter>video</Filter>
    </ClCompile>
    <ClCompile Include="..\NativeMedia\D3D9Renderer.cpp">
      <Filter>video</Filter>
    </ClCompile>
    <ClCompile Include="..\NativeMedia\D3DPsVideoProcessor.cpp">
      <Filter>video</Filter>
    </ClCompile>
    <ClCompile Include="..\NativeMedia\GlobalFun.cpp">
      <Filter>video</Filter>
    </ClCompile>
    <ClCompile Include="..\NativeMedia\ImageTool.cpp">
      <Filter>video</Filter>
    </ClCompile>
    <ClCompile Include="..\NativeMedia\MFVidCapture.cpp">
      <Filter>video</Filter>
    </ClCompile>
    <ClCompile Include="..\NativeMedia\NativeMedia.cpp">
      <Filter>video</Filter>
    </ClCompile>
    <ClCompile Include="..\NativeMedia\ResourceHelper.cpp">
      <Filter>video</Filter>
    </ClCompile>
    <ClCompile Include="..\NativeMedia\Stdafx.cpp">
      <Filter>video</Filter>
    </ClCompile>
    <ClCompile Include="..\NativeMedia\VideoHWND.cpp">
      <Filter>video</Filter>
    </ClCompile>
    <ClCompile Include="..\NativeMedia\VideoManager.cpp">
      <Filter>video</Filter>
    </ClCompile>
    <ClCompile Include="..\NativeMedia\codec\base_allocator.cpp">
      <Filter>codec</Filter>
    </ClCompile>
    <ClCompile Include="..\NativeMedia\codec\d3d_allocator.cpp">
      <Filter>codec</Filter>
    </ClCompile>
    <ClCompile Include="..\NativeMedia\codec\avc_bitstream.cpp">
      <Filter>codec</Filter>
    </ClCompile>
    <ClCompile Include="..\NativeMedia\codec\avc_nal_spl.cpp">
      <Filter>codec</Filter>
    </ClCompile>
    <ClCompile Include="..\NativeMedia\codec\avc_spl.cpp">
      <Filter>codec</Filter>
    </ClCompile>
    <ClCompile Include="..\NativeMedia\codec\codec_utils.cpp">
      <Filter>codec</Filter>
    </ClCompile>
    <ClCompile Include="..\NativeMedia\codec\decode_pipeline.cpp">
      <Filter>codec</Filter>
    </ClCompile>
    <ClCompile Include="..\NativeMedia\codec\encode_pipeline.cpp">
      <Filter>codec</Filter>
    </ClCompile>
    <ClCompile Include="..\NativeMedia\audio\AudioManager.cpp">
      <Filter>audio</Filter>
    </ClCompile>
    <ClCompile Include="..\NativeMedia\audio\AudioResampler.cpp">
      <Filter>audio</Filter>
    </ClCompile>
    <ClCompile Include="..\NativeMedia\audio\MicControl .cpp">
      <Filter>audio</Filter>
    </ClCompile>
    <ClCompile Include="..\NativeMedia\audio\MMNotificationClient.cpp">
      <Filter>audio</Filter>
    </ClCompile>
    <ClCompile Include="..\NativeMedia\audio\SessionEvents.cpp">
      <Filter>audio</Filter>
    </ClCompile>
    <ClCompile Include="..\NativeMedia\audio\UTAudio.cpp">
      <Filter>audio</Filter>
    </ClCompile>
    <ClCompile Include="..\NativeMedia\audio\WASAPICapture.cpp">
      <Filter>audio</Filter>
    </ClCompile>
    <ClCompile Include="..\NativeMedia\audio\WASAPIRenderer.cpp">
      <Filter>audio</Filter>
    </ClCompile>
    <ClCompile Include="fakeimage.cpp">
      <Filter>Source Files</Filter>
    </ClCompile>
    <ClCompile Include="decode_test.h">
      <Filter>Source Files</Filter>
    </ClCompile>
  </ItemGroup>
  <ItemGroup>
    <ClInclude Include="..\NativeMedia\AutoLock.h">
      <Filter>video</Filter>
    </ClInclude>
    <ClInclude Include="..\NativeMedia\BaseWnd.h">
      <Filter>video</Filter>
    </ClInclude>
    <ClInclude Include="..\NativeMedia\BlockingQueue.h">
      <Filter>video</Filter>
    </ClInclude>
    <ClInclude Include="..\NativeMedia\CamControl.h">
      <Filter>video</Filter>
    </ClInclude>
    <ClInclude Include="..\NativeMedia\ComPtrDefs.h">
      <Filter>video</Filter>
    </ClInclude>
    <ClInclude Include="..\NativeMedia\D3D9Renderer.h">
      <Filter>video</Filter>
    </ClInclude>
    <ClInclude Include="..\NativeMedia\D3DPsVideoProcessor.h">
      <Filter>video</Filter>
    </ClInclude>
    <ClInclude Include="..\NativeMedia\DeviceEvents.h">
      <Filter>video</Filter>
    </ClInclude>
    <ClInclude Include="..\NativeMedia\GlobalFun.h">
      <Filter>video</Filter>
    </ClInclude>
    <ClInclude Include="..\NativeMedia\ImageTool.h">
      <Filter>video</Filter>
    </ClInclude>
    <ClInclude Include="..\NativeMedia\Looper.h">
      <Filter>video</Filter>
    </ClInclude>
    <ClInclude Include="..\NativeMedia\MFVidCapture.h">
      <Filter>video</Filter>
    </ClInclude>
    <ClInclude Include="..\NativeMedia\MultipleBuffering.h">
      <Filter>video</Filter>
    </ClInclude>
    <ClInclude Include="..\NativeMedia\NativeMedia.h">
      <Filter>video</Filter>
    </ClInclude>
    <ClInclude Include="..\NativeMedia\NativeMediaCallbacks.h">
      <Filter>video</Filter>
    </ClInclude>
    <ClInclude Include="..\NativeMedia\NativeMediaLog.h">
      <Filter>video</Filter>
    </ClInclude>
    <ClInclude Include="..\NativeMedia\ResourceHelper.h">
      <Filter>video</Filter>
    </ClInclude>
    <ClInclude Include="..\NativeMedia\Stdafx.h">
      <Filter>video</Filter>
    </ClInclude>
    <ClInclude Include="..\NativeMedia\VideoHWND.h">
      <Filter>video</Filter>
    </ClInclude>
    <ClInclude Include="..\NativeMedia\VideoManager.h">
      <Filter>video</Filter>
    </ClInclude>
    <ClInclude Include="..\NativeMedia\Win32Event.h">
      <Filter>video</Filter>
    </ClInclude>
    <ClInclude Include="..\NativeMedia\WinRTCSDKTypes.h">
      <Filter>video</Filter>
    </ClInclude>
    <ClInclude Include="..\NativeMedia\codec\base_allocator.h">
      <Filter>codec</Filter>
    </ClInclude>
    <ClInclude Include="..\NativeMedia\codec\d3d_allocator.h">
      <Filter>codec</Filter>
    </ClInclude>
    <ClInclude Include="..\NativeMedia\codec\avc_bitstream.h">
      <Filter>codec</Filter>
    </ClInclude>
    <ClInclude Include="..\NativeMedia\codec\avc_headers.h">
      <Filter>codec</Filter>
    </ClInclude>
    <ClInclude Include="..\NativeMedia\codec\avc_nal_spl.h">
      <Filter>codec</Filter>
    </ClInclude>
    <ClInclude Include="..\NativeMedia\codec\avc_spl.h">
      <Filter>codec</Filter>
    </ClInclude>
    <ClInclude Include="..\NativeMedia\codec\avc_structures.h">
      <Filter>codec</Filter>
    </ClInclude>
    <ClInclude Include="..\NativeMedia\codec\abstract_splitter.h">
      <Filter>codec</Filter>
    </ClInclude>
    <ClInclude Include="..\NativeMedia\codec\time_statistics.h">
      <Filter>codec</Filter>
    </ClInclude>
    <ClInclude Include="..\NativeMedia\codec\codec_utils.h">
      <Filter>codec</Filter>
    </ClInclude>
    <ClInclude Include="..\NativeMedia\codec\codec_defs.h">
      <Filter>codec</Filter>
    </ClInclude>
    <ClInclude Include="..\NativeMedia\codec\decode_pipeline.h">
      <Filter>codec</Filter>
    </ClInclude>
    <ClInclude Include="..\NativeMedia\codec\encode_pipeline.h">
      <Filter>codec</Filter>
    </ClInclude>
    <ClInclude Include="..\NativeMedia\codec\sys_primitives.h">
      <Filter>codec</Filter>
    </ClInclude>
    <ClInclude Include="va_interface.h">
      <Filter>video</Filter>
    </ClInclude>
    <ClInclude Include="..\NativeMedia\audio\AudioClientCallbacks.h">
      <Filter>audio</Filter>
    </ClInclude>
    <ClInclude Include="..\NativeMedia\audio\AudioClientDataCallbacks.h">
      <Filter>audio</Filter>
    </ClInclude>
    <ClInclude Include="..\NativeMedia\audio\AudioManager.h">
      <Filter>audio</Filter>
    </ClInclude>
    <ClInclude Include="..\NativeMedia\audio\AudioResampler.h">
      <Filter>audio</Filter>
    </ClInclude>
    <ClInclude Include="..\NativeMedia\audio\MicControl.h">
      <Filter>audio</Filter>
    </ClInclude>
    <ClInclude Include="..\NativeMedia\audio\MMNotificationClient.h">
      <Filter>audio</Filter>
    </ClInclude>
    <ClInclude Include="..\NativeMedia\audio\ResampleInterpTabs.h">
      <Filter>audio</Filter>
    </ClInclude>
    <ClInclude Include="..\NativeMedia\audio\SessionEvents.h">
      <Filter>audio</Filter>
    </ClInclude>
    <ClInclude Include="..\NativeMedia\audio\WASAPICapture.h">
      <Filter>audio</Filter>
    </ClInclude>
    <ClInclude Include="..\NativeMedia\audio\WASAPIComPtrDefs.h">
      <Filter>audio</Filter>
    </ClInclude>
    <ClInclude Include="..\NativeMedia\audio\WASAPIRenderer.h">
      <Filter>audio</Filter>
    </ClInclude>
    <ClInclude Include="..\NativeMedia\audio\WavHelper.h">
      <Filter>audio</Filter>
    </ClInclude>
    <ClInclude Include="encode_test.h">
      <Filter>Source Files</Filter>
    </ClInclude>
  </ItemGroup>
</Project>