<?xml version="1.0" encoding="utf-8"?>
<Project ToolsVersion="4.0" xmlns="http://schemas.microsoft.com/developer/msbuild/2003">
  <ItemGroup>
    <Filter Include="video">
      <UniqueIdentifier>{f3923a54-f808-4a56-86cd-3056863f35fe}</UniqueIdentifier>
    </Filter>
    <Filter Include="mediatest">
      <UniqueIdentifier>{4FC737F1-C7A5-4376-A066-2A32D752A2FF}</UniqueIdentifier>
      <Extensions>cpp;c;cc;cxx;def;odl;idl;hpj;bat;asm;asmx</Extensions>
    </Filter>
    <Filter Include="codec">
      <UniqueIdentifier>{872d2763-1d95-48ab-a83b-d42047033d18}</UniqueIdentifier>
    </Filter>
  </ItemGroup>
  <ItemGroup>
    <ClCompile Include="mediatest32.cpp">
      <Filter>mediatest</Filter>
    </ClCompile>
    <ClCompile Include="..\codec\avc_bitstream.cpp">
      <Filter>codec</Filter>
    </ClCompile>
    <ClCompile Include="..\codec\avc_nal_spl.cpp">
      <Filter>codec</Filter>
    </ClCompile>
    <ClCompile Include="..\codec\avc_spl.cpp">
      <Filter>codec</Filter>
    </ClCompile>
    <ClCompile Include="..\codec\base_allocator.cpp">
      <Filter>codec</Filter>
    </ClCompile>
    <ClCompile Include="..\codec\codec_utils.cpp">
      <Filter>codec</Filter>
    </ClCompile>
    <ClCompile Include="..\codec\d3d_allocator.cpp">
      <Filter>codec</Filter>
    </ClCompile>
    <ClCompile Include="..\codec\decode_pipeline.cpp">
      <Filter>codec</Filter>
    </ClCompile>
    <ClCompile Include="..\codec\encode_pipeline.cpp">
      <Filter>codec</Filter>
    </ClCompile>
    <ClCompile Include="..\video\BaseWnd.cpp">
      <Filter>video</Filter>
    </ClCompile>
    <ClCompile Include="..\video\D3D9Renderer.cpp">
      <Filter>video</Filter>
    </ClCompile>
    <ClCompile Include="..\video\D3DPsVideoProcessor.cpp">
      <Filter>video</Filter>
    </ClCompile>
    <ClCompile Include="..\video\ImageTool.cpp">
      <Filter>video</Filter>
    </ClCompile>
    <ClCompile Include="..\video\MFVidCapture.cpp">
      <Filter>video</Filter>
    </ClCompile>
    <ClCompile Include="..\video\Stdafx.cpp">
      <Filter>video</Filter>
    </ClCompile>
  </ItemGroup>
  <ItemGroup>
    <ClInclude Include="encode_test.h">
      <Filter>mediatest</Filter>
    </ClInclude>
    <ClInclude Include="dxva_renderer.h">
      <Filter>mediatest</Filter>
    </ClInclude>
    <ClInclude Include="dxva_processor.h">
      <Filter>mediatest</Filter>
    </ClInclude>
    <ClInclude Include="camera.h">
      <Filter>mediatest</Filter>
    </ClInclude>
    <ClInclude Include="bitstream_buffering.h">
      <Filter>mediatest</Filter>
    </ClInclude>
    <ClInclude Include="loopback_test.h">
      <Filter>mediatest</Filter>
    </ClInclude>
    <ClInclude Include="bitstream_if.h">
      <Filter>mediatest</Filter>
    </ClInclude>
    <ClInclude Include="..\codec\abstract_splitter.h">
      <Filter>codec</Filter>
    </ClInclude>
    <ClInclude Include="..\codec\avc_bitstream.h">
      <Filter>codec</Filter>
    </ClInclude>
    <ClInclude Include="..\codec\avc_headers.h">
      <Filter>codec</Filter>
    </ClInclude>
    <ClInclude Include="..\codec\avc_nal_spl.h">
      <Filter>codec</Filter>
    </ClInclude>
    <ClInclude Include="..\codec\avc_spl.h">
      <Filter>codec</Filter>
    </ClInclude>
    <ClInclude Include="..\codec\avc_structures.h">
      <Filter>codec</Filter>
    </ClInclude>
    <ClInclude Include="..\codec\base_allocator.h">
      <Filter>codec</Filter>
    </ClInclude>
    <ClInclude Include="..\codec\codec_defs.h">
      <Filter>codec</Filter>
    </ClInclude>
    <ClInclude Include="..\codec\codec_utils.h">
      <Filter>codec</Filter>
    </ClInclude>
    <ClInclude Include="..\codec\d3d_allocator.h">
      <Filter>codec</Filter>
    </ClInclude>
    <ClInclude Include="..\codec\decode_pipeline.h">
      <Filter>codec</Filter>
    </ClInclude>
    <ClInclude Include="..\codec\encode_pipeline.h">
      <Filter>codec</Filter>
    </ClInclude>
    <ClInclude Include="..\codec\sys_primitives.h">
      <Filter>codec</Filter>
    </ClInclude>
    <ClInclude Include="..\codec\time_statistics.h">
      <Filter>codec</Filter>
    </ClInclude>
    <ClInclude Include="..\video\AutoLock.h">
      <Filter>video</Filter>
    </ClInclude>
    <ClInclude Include="..\video\BaseWnd.h">
      <Filter>video</Filter>
    </ClInclude>
    <ClInclude Include="..\video\BlockingQueue.h">
      <Filter>video</Filter>
    </ClInclude>
    <ClInclude Include="..\video\CamControl.h">
      <Filter>video</Filter>
    </ClInclude>
    <ClInclude Include="..\video\ComPtrDefs.h">
      <Filter>video</Filter>
    </ClInclude>
    <ClInclude Include="..\video\D3D9Renderer.h">
      <Filter>video</Filter>
    </ClInclude>
    <ClInclude Include="..\video\D3DPsVideoProcessor.h">
      <Filter>video</Filter>
    </ClInclude>
    <ClInclude Include="..\video\DeviceEvents.h">
      <Filter>video</Filter>
    </ClInclude>
    <ClInclude Include="..\video\ImageTool.h">
      <Filter>video</Filter>
    </ClInclude>
    <ClInclude Include="..\video\Looper.h">
      <Filter>video</Filter>
    </ClInclude>
    <ClInclude Include="..\video\MFVidCapture.h">
      <Filter>video</Filter>
    </ClInclude>
    <ClInclude Include="..\video\MultipleBuffering.h">
      <Filter>video</Filter>
    </ClInclude>
    <ClInclude Include="..\video\NativeMediaLog.h">
      <Filter>video</Filter>
    </ClInclude>
    <ClInclude Include="..\video\Stdafx.h">
      <Filter>video</Filter>
    </ClInclude>
    <ClInclude Include="..\video\Win32Event.h">
      <Filter>video</Filter>
    </ClInclude>
    <ClInclude Include="va_interface.h">
      <Filter>mediatest</Filter>
    </ClInclude>
    <ClInclude Include="decode_test.h">
      <Filter>mediatest</Filter>
    </ClInclude>
    <ClInclude Include="resource.h">
      <Filter>mediatest</Filter>
    </ClInclude>
  </ItemGroup>
  <ItemGroup>
    <Text Include="ReadMe.txt">
      <Filter>mediatest</Filter>
    </Text>
  </ItemGroup>
  <ItemGroup>
    <ResourceCompile Include="mediatest32.rc">
      <Filter>mediatest</Filter>
    </ResourceCompile>
  </ItemGroup>
</Project>